
Microsoft Visual Studio Solution File, Format Version 12.00
Project("{FAE04EC0-301F-11D3-BF4B-00C04F79EFBC}") = "EllinghamScript", "EllinghamScript\EllinghamScript.csproj", "{B63C4D32-1D1D-47C9-88B0-D5C12A4F464E}"
EndProject
Project("{2150E333-8FDC-42A3-9474-1A3956D46DE8}") = "RootFiles", "RootFiles", "{8FC57332-279D-4DA5-B6FA-0ADD552718DD}"
ProjectSection(SolutionItems) = preProject
	.gitignore = .gitignore
	README.md = README.md
EndProjectSection
EndProject
Project("{FAE04EC0-301F-11D3-BF4B-00C04F79EFBC}") = "EllinghamScriptTests", "EllinghamScriptTests\EllinghamScriptTests.csproj", "{BAE59016-8B84-49AE-B063-55358FB24FAB}"
EndProject
Global
	GlobalSection(SolutionConfigurationPlatforms) = preSolution
		Debug|Any CPU = Debug|Any CPU
		Release|Any CPU = Release|Any CPU
	EndGlobalSection
	GlobalSection(ProjectConfigurationPlatforms) = postSolution
		{B63C4D32-1D1D-47C9-88B0-D5C12A4F464E}.Debug|Any CPU.ActiveCfg = Debug|Any CPU
		{B63C4D32-1D1D-47C9-88B0-D5C12A4F464E}.Debug|Any CPU.Build.0 = Debug|Any CPU
		{B63C4D32-1D1D-47C9-88B0-D5C12A4F464E}.Release|Any CPU.ActiveCfg = Release|Any CPU
		{B63C4D32-1D1D-47C9-88B0-D5C12A4F464E}.Release|Any CPU.Build.0 = Release|Any CPU
		{BAE59016-8B84-49AE-B063-55358FB24FAB}.Debug|Any CPU.ActiveCfg = Debug|Any CPU
		{BAE59016-8B84-49AE-B063-55358FB24FAB}.Debug|Any CPU.Build.0 = Debug|Any CPU
		{BAE59016-8B84-49AE-B063-55358FB24FAB}.Release|Any CPU.ActiveCfg = Release|Any CPU
		{BAE59016-8B84-49AE-B063-55358FB24FAB}.Release|Any CPU.Build.0 = Release|Any CPU
	EndGlobalSection
EndGlobal
